{
  "nodes": {
    "awscli-local-src": {
      "flake": false,
      "locked": {
        "lastModified": 1728481603,
        "narHash": "sha256-FIZFwSV7kK9DEAkXXJYA91Rbkl4oIRYgFAA7OJ6/C5c=",
        "owner": "localstack",
        "repo": "awscli-local",
        "rev": "034919b8aa0c48c185ccfa7b31a256f45c5853ed",
        "type": "github"
      },
      "original": {
        "owner": "localstack",
        "repo": "awscli-local",
        "type": "github"
      }
    },
    "nixpkgs": {
      "locked": {
        "lastModified": 1790218706,
        "narHash": "sha256-6e4Na3z008XpdVyOXgfasXIn1aN+z8AXFG+jXdQSyuI=",
        "owner": "NixOS",
        "repo": "nixpkgs",
        "rev": "c508844df6c28fa6dabc1b6af70f3ccbd65c5201",
        "type": "github"
      },
      "original": {
        "owner": "NixOS",
        "ref": "nixos-26.05",
        "repo": "nixpkgs",
        "type": "github"
      }
    },
    "root": {
      "inputs": {
        "awscli-local-src": "awscli-local-src",
        "nixpkgs": "nixpkgs"
      }
    }
  },
  "root": "root",
  "version": 7
}
